
Microsoft Visual Studio Solution File, Format Version 12.00
# Visual Studio Version 17
VisualStudioVersion = 17.13.35931.197 d17.13
MinimumVisualStudioVersion = 10.0.40219.1
Project("{FAE04EC0-301F-11D3-BF4B-00C04F79EFBC}") = "QuanLySuaChuaVaLapDatLinhKien", "QuanLySuaChuaVaLapDatLinhKien\QuanLySuaChuaVaLapDatLinhKien.csproj", "{772FA90A-E342-44E4-850C-09009946EBB3}"
EndProject
Global
	GlobalSection(SolutionConfigurationPlatforms) = preSolution
		Debug|Any CPU = Debug|Any CPU
		Release|Any CPU = Release|Any CPU
	EndGlobalSection
	GlobalSection(ProjectConfigurationPlatforms) = postSolution
		{772FA90A-E342-44E4-850C-09009946EBB3}.Debug|Any CPU.ActiveCfg = Debug|Any CPU
		{772FA90A-E342-44E4-850C-09009946EBB3}.Debug|Any CPU.Build.0 = Debug|Any CPU
		{772FA90A-E342-44E4-850C-09009946EBB3}.Release|Any CPU.ActiveCfg = Release|Any CPU
		{772FA90A-E342-44E4-850C-09009946EBB3}.Release|Any CPU.Build.0 = Release|Any CPU
	EndGlobalSection
	GlobalSection(SolutionProperties) = preSolution
		HideSolutionNode = FALSE
	EndGlobalSection
	GlobalSection(ExtensibilityGlobals) = postSolution
		SolutionGuid = {EA95AF12-7513-42B4-BF11-73D0EC261978}
	EndGlobalSection
EndGlobal
