
Microsoft Visual Studio Solution File, Format Version 12.00
# Visual Studio Version 16
VisualStudioVersion = 16.0.34601.136
MinimumVisualStudioVersion = 10.0.40219.1
Project("{FAE04EC0-301F-11D3-BF4B-00C04F79EFBC}") = "WebDienMayXanh", "WebDienMayXanh\WebDienMayXanh.csproj", "{0F6F98AD-9667-4BCF-8F1A-76ABFFBA837B}"
EndProject
Global
	GlobalSection(SolutionConfigurationPlatforms) = preSolution
		Debug|Any CPU = Debug|Any CPU
		Release|Any CPU = Release|Any CPU
	EndGlobalSection
	GlobalSection(ProjectConfigurationPlatforms) = postSolution
		{0F6F98AD-9667-4BCF-8F1A-76ABFFBA837B}.Debug|Any CPU.ActiveCfg = Debug|Any CPU
		{0F6F98AD-9667-4BCF-8F1A-76ABFFBA837B}.Debug|Any CPU.Build.0 = Debug|Any CPU
		{0F6F98AD-9667-4BCF-8F1A-76ABFFBA837B}.Release|Any CPU.ActiveCfg = Release|Any CPU
		{0F6F98AD-9667-4BCF-8F1A-76ABFFBA837B}.Release|Any CPU.Build.0 = Release|Any CPU
	EndGlobalSection
	GlobalSection(SolutionProperties) = preSolution
		HideSolutionNode = FALSE
	EndGlobalSection
	GlobalSection(ExtensibilityGlobals) = postSolution
		SolutionGuid = {DBD86CF1-3EE7-4E8E-ACF8-62B7A9FA1505}
	EndGlobalSection
EndGlobal
